# Code generated by scarb DO NOT EDIT.
version = 1

[[package]]
name = "cc_dojo_map"
version = "0.2.0"
dependencies = [
 "cc_starknet",
 "dojo",
]

[[package]]
name = "cc_starknet"
version = "0.1.0"
source = "git+https://github.com/CheDAOLabs/cryptsandcaverns.git?tag=v0.1.0-rc0#8d6bf9618cc261a51d42d4152048d4dc09122b56"
dependencies = [
 "openzeppelin",
]

[[package]]
name = "dojo"
version = "0.3.2"
source = "git+https://github.com/dojoengine/dojo.git?tag=v0.3.2#a0fa1ad96fb98c088be05da6178f43217891c8c6"
dependencies = [
 "dojo_plugin",
]

[[package]]
name = "dojo_plugin"
version = "0.3.2"

[[package]]
name = "openzeppelin"
version = "0.7.0"
source = "git+https://github.com/OpenZeppelin/cairo-contracts.git?tag=v0.7.0#61a2505fe0c0f19b5de2b3f8dedf421ba2cff657"
