# Code generated by scarb DO NOT EDIT.
version = 1

[[package]]
name = "cc_dojo_map"
version = "0.4.0"
dependencies = [
 "cc_starknet",
 "dojo",
]

[[package]]
name = "cc_starknet"
version = "0.1.1"
source = "git+https://github.com/CheDAOLabs/cryptsandcaverns.git?tag=v0.1.1-rc0#0ad6a6443106e176ddc1cfd4fa0ff3e0da3b82e1"
dependencies = [
 "openzeppelin",
]

[[package]]
name = "dojo"
version = "0.4.0"
source = "git+https://github.com/dojoengine/dojo?tag=v0.4.0#17c1b42910cb751fe3986ed44ce4e3a6a16b1e51"
dependencies = [
 "dojo_plugin",
]

[[package]]
name = "dojo_plugin"
version = "0.3.11"
source = "git+https://github.com/dojoengine/dojo?tag=v0.3.11#1e651b5d4d3b79b14a7d8aa29a92062fcb9e6659"

[[package]]
name = "openzeppelin"
version = "0.8.0-beta.0"
source = "git+https://github.com/OpenZeppelin/cairo-contracts.git?tag=v0.8.0-beta.0#4c95981a7178e43730f152c85a92336dc6a22d62"
